// !$*UTF8*$!
{
	archiveVersion = 1;
	classes = {
	};
	objectVersion = 56;
	objects = {

/* Begin PBXBuildFile section */
		4364295C296735A9005B299A /* AppDelegate.swift in Sources */ = {isa = PBXBuildFile; fileRef = 4364295B296735A9005B299A /* AppDelegate.swift */; };
		43642965296735C0005B299A /* Assets.xcassets in Resources */ = {isa = PBXBuildFile; fileRef = 43642964296735C0005B299A /* Assets.xcassets */; };
		43642968296735C0005B299A /* LaunchScreen.storyboard in Resources */ = {isa = PBXBuildFile; fileRef = 43642966296735C0005B299A /* LaunchScreen.storyboard */; };
		4364297029673863005B299A /* ContainerViewController.swift in Sources */ = {isa = PBXBuildFile; fileRef = 4364296F29673863005B299A /* ContainerViewController.swift */; };
		4364297229673D0E005B299A /* HomeViewController.swift in Sources */ = {isa = PBXBuildFile; fileRef = 4364297129673D0E005B299A /* HomeViewController.swift */; };
		4364297429673E27005B299A /* MenuViewController.swift in Sources */ = {isa = PBXBuildFile; fileRef = 4364297329673E27005B299A /* MenuViewController.swift */; };
		4364297629673E40005B299A /* OptionsViewController.swift in Sources */ = {isa = PBXBuildFile; fileRef = 4364297529673E40005B299A /* OptionsViewController.swift */; };
		4364297829673E58005B299A /* ChoosePlantViewController.swift in Sources */ = {isa = PBXBuildFile; fileRef = 4364297729673E58005B299A /* ChoosePlantViewController.swift */; };
		4364297A29673E68005B299A /* InfoViewController.swift in Sources */ = {isa = PBXBuildFile; fileRef = 4364297929673E68005B299A /* InfoViewController.swift */; };
		4364297C29673E7A005B299A /* FindDateViewController.swift in Sources */ = {isa = PBXBuildFile; fileRef = 4364297B29673E7A005B299A /* FindDateViewController.swift */; };
		4364297E29673E9C005B299A /* DayTableViewCell.swift in Sources */ = {isa = PBXBuildFile; fileRef = 4364297D29673E9C005B299A /* DayTableViewCell.swift */; };
		4364298029673EC6005B299A /* Model.swift in Sources */ = {isa = PBXBuildFile; fileRef = 4364297F29673EC6005B299A /* Model.swift */; };
		437636E0297998B900899214 /* NoticeViewController.swift in Sources */ = {isa = PBXBuildFile; fileRef = 437636DF297998B900899214 /* NoticeViewController.swift */; };
		43C0079E2967879A0070EAC8 /* TableHeader.swift in Sources */ = {isa = PBXBuildFile; fileRef = 43C0079D2967879A0070EAC8 /* TableHeader.swift */; };
/* End PBXBuildFile section */

/* Begin PBXFileReference section */
		43642958296735A9005B299A /* Shift schedule.app */ = {isa = PBXFileReference; explicitFileType = wrapper.application; includeInIndex = 0; path = "Shift schedule.app"; sourceTree = BUILT_PRODUCTS_DIR; };
		4364295B296735A9005B299A /* AppDelegate.swift */ = {isa = PBXFileReference; lastKnownFileType = sourcecode.swift; path = AppDelegate.swift; sourceTree = "<group>"; };
		43642964296735C0005B299A /* Assets.xcassets */ = {isa = PBXFileReference; lastKnownFileType = folder.assetcatalog; path = Assets.xcassets; sourceTree = "<group>"; };
		43642967296735C0005B299A /* Base */ = {isa = PBXFileReference; lastKnownFileType = file.storyboard; name = Base; path = Base.lproj/LaunchScreen.storyboard; sourceTree = "<group>"; };
		43642969296735C0005B299A /* Info.plist */ = {isa = PBXFileReference; lastKnownFileType = text.plist.xml; path = Info.plist; sourceTree = "<group>"; };
		4364296F29673863005B299A /* ContainerViewController.swift */ = {isa = PBXFileReference; lastKnownFileType = sourcecode.swift; path = ContainerViewController.swift; sourceTree = "<group>"; };
		4364297129673D0E005B299A /* HomeViewController.swift */ = {isa = PBXFileReference; lastKnownFileType = sourcecode.swift; path = HomeViewController.swift; sourceTree = "<group>"; };
		4364297329673E27005B299A /* MenuViewController.swift */ = {isa = PBXFileReference; lastKnownFileType = sourcecode.swift; path = MenuViewController.swift; sourceTree = "<group>"; };
		4364297529673E40005B299A /* OptionsViewController.swift */ = {isa = PBXFileReference; lastKnownFileType = sourcecode.swift; path = OptionsViewController.swift; sourceTree = "<group>"; };
		4364297729673E58005B299A /* ChoosePlantViewController.swift */ = {isa = PBXFileReference; lastKnownFileType = sourcecode.swift; path = ChoosePlantViewController.swift; sourceTree = "<group>"; };
		4364297929673E68005B299A /* InfoViewController.swift */ = {isa = PBXFileReference; lastKnownFileType = sourcecode.swift; path = InfoViewController.swift; sourceTree = "<group>"; };
		4364297B29673E7A005B299A /* FindDateViewController.swift */ = {isa = PBXFileReference; lastKnownFileType = sourcecode.swift; path = FindDateViewController.swift; sourceTree = "<group>"; };
		4364297D29673E9C005B299A /* DayTableViewCell.swift */ = {isa = PBXFileReference; lastKnownFileType = sourcecode.swift; path = DayTableViewCell.swift; sourceTree = "<group>"; };
		4364297F29673EC6005B299A /* Model.swift */ = {isa = PBXFileReference; lastKnownFileType = sourcecode.swift; path = Model.swift; sourceTree = "<group>"; };
		437636DF297998B900899214 /* NoticeViewController.swift */ = {isa = PBXFileReference; lastKnownFileType = sourcecode.swift; path = NoticeViewController.swift; sourceTree = "<group>"; };
		43C0079D2967879A0070EAC8 /* TableHeader.swift */ = {isa = PBXFileReference; lastKnownFileType = sourcecode.swift; path = TableHeader.swift; sourceTree = "<group>"; };
/* End PBXFileReference section */

/* Begin PBXFrameworksBuildPhase section */
		43642955296735A9005B299A /* Frameworks */ = {
			isa = PBXFrameworksBuildPhase;
			buildActionMask = 2147483647;
			files = (
			);
			runOnlyForDeploymentPostprocessing = 0;
		};
/* End PBXFrameworksBuildPhase section */

/* Begin PBXGroup section */
		4364294F296735A8005B299A = {
			isa = PBXGroup;
			children = (
				4364295A296735A9005B299A /* Shift schedule */,
				43642959296735A9005B299A /* Products */,
			);
			sourceTree = "<group>";
		};
		43642959296735A9005B299A /* Products */ = {
			isa = PBXGroup;
			children = (
				43642958296735A9005B299A /* Shift schedule.app */,
			);
			name = Products;
			sourceTree = "<group>";
		};
		4364295A296735A9005B299A /* Shift schedule */ = {
			isa = PBXGroup;
			children = (
				4364295B296735A9005B299A /* AppDelegate.swift */,
				4364298429673F10005B299A /* View */,
				4364298329673EFE005B299A /* TableCell */,
				4364298229673EEB005B299A /* Model */,
				4364298129673EDD005B299A /* Content */,
				43642969296735C0005B299A /* Info.plist */,
			);
			path = "Shift schedule";
			sourceTree = "<group>";
		};
		4364298129673EDD005B299A /* Content */ = {
			isa = PBXGroup;
			children = (
				43642964296735C0005B299A /* Assets.xcassets */,
				43642966296735C0005B299A /* LaunchScreen.storyboard */,
			);
			path = Content;
			sourceTree = "<group>";
		};
		4364298229673EEB005B299A /* Model */ = {
			isa = PBXGroup;
			children = (
				4364297F29673EC6005B299A /* Model.swift */,
			);
			path = Model;
			sourceTree = "<group>";
		};
		4364298329673EFE005B299A /* TableCell */ = {
			isa = PBXGroup;
			children = (
				4364297D29673E9C005B299A /* DayTableViewCell.swift */,
				43C0079D2967879A0070EAC8 /* TableHeader.swift */,
			);
			path = TableCell;
			sourceTree = "<group>";
		};
		4364298429673F10005B299A /* View */ = {
			isa = PBXGroup;
			children = (
				4364296F29673863005B299A /* ContainerViewController.swift */,
				437636DF297998B900899214 /* NoticeViewController.swift */,
				4364297329673E27005B299A /* MenuViewController.swift */,
				4364297129673D0E005B299A /* HomeViewController.swift */,
				4364297529673E40005B299A /* OptionsViewController.swift */,
				4364297729673E58005B299A /* ChoosePlantViewController.swift */,
				4364297B29673E7A005B299A /* FindDateViewController.swift */,
				4364297929673E68005B299A /* InfoViewController.swift */,
			);
			path = View;
			sourceTree = "<group>";
		};
/* End PBXGroup section */

/* Begin PBXNativeTarget section */
		43642957296735A9005B299A /* Shift schedule */ = {
			isa = PBXNativeTarget;
			buildConfigurationList = 4364296C296735C0005B299A /* Build configuration list for PBXNativeTarget "Shift schedule" */;
			buildPhases = (
				43642954296735A9005B299A /* Sources */,
				43642955296735A9005B299A /* Frameworks */,
				43642956296735A9005B299A /* Resources */,
			);
			buildRules = (
			);
			dependencies = (
			);
			name = "Shift schedule";
			productName = "Shift schedule";
			productReference = 43642958296735A9005B299A /* Shift schedule.app */;
			productType = "com.apple.product-type.application";
		};
/* End PBXNativeTarget section */

/* Begin PBXProject section */
		43642950296735A8005B299A /* Project object */ = {
			isa = PBXProject;
			attributes = {
				BuildIndependentTargetsInParallel = 1;
				LastSwiftUpdateCheck = 1410;
				LastUpgradeCheck = 1410;
				TargetAttributes = {
					43642957296735A9005B299A = {
						CreatedOnToolsVersion = 14.1;
					};
				};
			};
			buildConfigurationList = 43642953296735A8005B299A /* Build configuration list for PBXProject "Shift schedule" */;
			compatibilityVersion = "Xcode 14.0";
			developmentRegion = en;
			hasScannedForEncodings = 0;
			knownRegions = (
				en,
				Base,
			);
			mainGroup = 4364294F296735A8005B299A;
			productRefGroup = 43642959296735A9005B299A /* Products */;
			projectDirPath = "";
			projectRoot = "";
			targets = (
				43642957296735A9005B299A /* Shift schedule */,
			);
		};
/* End PBXProject section */

/* Begin PBXResourcesBuildPhase section */
		43642956296735A9005B299A /* Resources */ = {
			isa = PBXResourcesBuildPhase;
			buildActionMask = 2147483647;
			files = (
				43642968296735C0005B299A /* LaunchScreen.storyboard in Resources */,
				43642965296735C0005B299A /* Assets.xcassets in Resources */,
			);
			runOnlyForDeploymentPostprocessing = 0;
		};
/* End PBXResourcesBuildPhase section */

/* Begin PBXSourcesBuildPhase section */
		43642954296735A9005B299A /* Sources */ = {
			isa = PBXSourcesBuildPhase;
			buildActionMask = 2147483647;
			files = (
				4364297029673863005B299A /* ContainerViewController.swift in Sources */,
				4364297E29673E9C005B299A /* DayTableViewCell.swift in Sources */,
				4364295C296735A9005B299A /* AppDelegate.swift in Sources */,
				4364297229673D0E005B299A /* HomeViewController.swift in Sources */,
				4364297A29673E68005B299A /* InfoViewController.swift in Sources */,
				4364298029673EC6005B299A /* Model.swift in Sources */,
				4364297429673E27005B299A /* MenuViewController.swift in Sources */,
				43C0079E2967879A0070EAC8 /* TableHeader.swift in Sources */,
				4364297C29673E7A005B299A /* FindDateViewController.swift in Sources */,
				4364297629673E40005B299A /* OptionsViewController.swift in Sources */,
				437636E0297998B900899214 /* NoticeViewController.swift in Sources */,
				4364297829673E58005B299A /* ChoosePlantViewController.swift in Sources */,
			);
			runOnlyForDeploymentPostprocessing = 0;
		};
/* End PBXSourcesBuildPhase section */

/* Begin PBXVariantGroup section */
		43642966296735C0005B299A /* LaunchScreen.storyboard */ = {
			isa = PBXVariantGroup;
			children = (
				43642967296735C0005B299A /* Base */,
			);
			name = LaunchScreen.storyboard;
			sourceTree = "<group>";
		};
/* End PBXVariantGroup section */

/* Begin XCBuildConfiguration section */
		4364296A296735C0005B299A /* Debug */ = {
			isa = XCBuildConfiguration;
			buildSettings = {
				ALWAYS_SEARCH_USER_PATHS = NO;
				CLANG_ANALYZER_NONNULL = YES;
				CLANG_ANALYZER_NUMBER_OBJECT_CONVERSION = YES_AGGRESSIVE;
				CLANG_CXX_LANGUAGE_STANDARD = "gnu++20";
				CLANG_ENABLE_MODULES = YES;
				CLANG_ENABLE_OBJC_ARC = YES;
				CLANG_ENABLE_OBJC_WEAK = YES;
				CLANG_WARN_BLOCK_CAPTURE_AUTORELEASING = YES;
				CLANG_WARN_BOOL_CONVERSION = YES;
				CLANG_WARN_COMMA = YES;
				CLANG_WARN_CONSTANT_CONVERSION = YES;
				CLANG_WARN_DEPRECATED_OBJC_IMPLEMENTATIONS = YES;
				CLANG_WARN_DIRECT_OBJC_ISA_USAGE = YES_ERROR;
				CLANG_WARN_DOCUMENTATION_COMMENTS = YES;
				CLANG_WARN_EMPTY_BODY = YES;
				CLANG_WARN_ENUM_CONVERSION = YES;
				CLANG_WARN_INFINITE_RECURSION = YES;
				CLANG_WARN_INT_CONVERSION = YES;
				CLANG_WARN_NON_LITERAL_NULL_CONVERSION = YES;
				CLANG_WARN_OBJC_IMPLICIT_RETAIN_SELF = YES;
				CLANG_WARN_OBJC_LITERAL_CONVERSION = YES;
				CLANG_WARN_OBJC_ROOT_CLASS = YES_ERROR;
				CLANG_WARN_QUOTED_INCLUDE_IN_FRAMEWORK_HEADER = YES;
				CLANG_WARN_RANGE_LOOP_ANALYSIS = YES;
				CLANG_WARN_STRICT_PROTOTYPES = YES;
				CLANG_WARN_SUSPICIOUS_MOVE = YES;
				CLANG_WARN_UNGUARDED_AVAILABILITY = YES_AGGRESSIVE;
				CLANG_WARN_UNREACHABLE_CODE = YES;
				CLANG_WARN__DUPLICATE_METHOD_MATCH = YES;
				COPY_PHASE_STRIP = NO;
				DEBUG_INFORMATION_FORMAT = dwarf;
				ENABLE_STRICT_OBJC_MSGSEND = YES;
				ENABLE_TESTABILITY = YES;
				GCC_C_LANGUAGE_STANDARD = gnu11;
				GCC_DYNAMIC_NO_PIC = NO;
				GCC_NO_COMMON_BLOCKS = YES;
				GCC_OPTIMIZATION_LEVEL = 0;
				GCC_PREPROCESSOR_DEFINITIONS = (
					"DEBUG=1",
					"$(inherited)",
				);
				GCC_WARN_64_TO_32_BIT_CONVERSION = YES;
				GCC_WARN_ABOUT_RETURN_TYPE = YES_ERROR;
				GCC_WARN_UNDECLARED_SELECTOR = YES;
				GCC_WARN_UNINITIALIZED_AUTOS = YES_AGGRESSIVE;
				GCC_WARN_UNUSED_FUNCTION = YES;
				GCC_WARN_UNUSED_VARIABLE = YES;
				IPHONEOS_DEPLOYMENT_TARGET = 12.4;
				MTL_ENABLE_DEBUG_INFO = INCLUDE_SOURCE;
				MTL_FAST_MATH = YES;
				ONLY_ACTIVE_ARCH = YES;
				SDKROOT = iphoneos;
				SWIFT_ACTIVE_COMPILATION_CONDITIONS = DEBUG;
				SWIFT_OPTIMIZATION_LEVEL = "-Onone";
			};
			name = Debug;
		};
		4364296B296735C0005B299A /* Release */ = {
			isa = XCBuildConfiguration;
			buildSettings = {
				ALWAYS_SEARCH_USER_PATHS = NO;
				CLANG_ANALYZER_NONNULL = YES;
				CLANG_ANALYZER_NUMBER_OBJECT_CONVERSION = YES_AGGRESSIVE;
				CLANG_CXX_LANGUAGE_STANDARD = "gnu++20";
				CLANG_ENABLE_MODULES = YES;
				CLANG_ENABLE_OBJC_ARC = YES;
				CLANG_ENABLE_OBJC_WEAK = YES;
				CLANG_WARN_BLOCK_CAPTURE_AUTORELEASING = YES;
				CLANG_WARN_BOOL_CONVERSION = YES;
				CLANG_WARN_COMMA = YES;
				CLANG_WARN_CONSTANT_CONVERSION = YES;
				CLANG_WARN_DEPRECATED_OBJC_IMPLEMENTATIONS = YES;
				CLANG_WARN_DIRECT_OBJC_ISA_USAGE = YES_ERROR;
				CLANG_WARN_DOCUMENTATION_COMMENTS = YES;
				CLANG_WARN_EMPTY_BODY = YES;
				CLANG_WARN_ENUM_CONVERSION = YES;
				CLANG_WARN_INFINITE_RECURSION = YES;
				CLANG_WARN_INT_CONVERSION = YES;
				CLANG_WARN_NON_LITERAL_NULL_CONVERSION = YES;
				CLANG_WARN_OBJC_IMPLICIT_RETAIN_SELF = YES;
				CLANG_WARN_OBJC_LITERAL_CONVERSION = YES;
				CLANG_WARN_OBJC_ROOT_CLASS = YES_ERROR;
				CLANG_WARN_QUOTED_INCLUDE_IN_FRAMEWORK_HEADER = YES;
				CLANG_WARN_RANGE_LOOP_ANALYSIS = YES;
				CLANG_WARN_STRICT_PROTOTYPES = YES;
				CLANG_WARN_SUSPICIOUS_MOVE = YES;
				CLANG_WARN_UNGUARDED_AVAILABILITY = YES_AGGRESSIVE;
				CLANG_WARN_UNREACHABLE_CODE = YES;
				CLANG_WARN__DUPLICATE_METHOD_MATCH = YES;
				COPY_PHASE_STRIP = NO;
				DEBUG_INFORMATION_FORMAT = "dwarf-with-dsym";
				ENABLE_NS_ASSERTIONS = NO;
				ENABLE_STRICT_OBJC_MSGSEND = YES;
				GCC_C_LANGUAGE_STANDARD = gnu11;
				GCC_NO_COMMON_BLOCKS = YES;
				GCC_WARN_64_TO_32_BIT_CONVERSION = YES;
				GCC_WARN_ABOUT_RETURN_TYPE = YES_ERROR;
				GCC_WARN_UNDECLARED_SELECTOR = YES;
				GCC_WARN_UNINITIALIZED_AUTOS = YES_AGGRESSIVE;
				GCC_WARN_UNUSED_FUNCTION = YES;
				GCC_WARN_UNUSED_VARIABLE = YES;
				IPHONEOS_DEPLOYMENT_TARGET = 12.4;
				MTL_ENABLE_DEBUG_INFO = NO;
				MTL_FAST_MATH = YES;
				SDKROOT = iphoneos;
				SWIFT_COMPILATION_MODE = wholemodule;
				SWIFT_OPTIMIZATION_LEVEL = "-O";
				VALIDATE_PRODUCT = YES;
			};
			name = Release;
		};
		4364296D296735C0005B299A /* Debug */ = {
			isa = XCBuildConfiguration;
			buildSettings = {
				ASSETCATALOG_COMPILER_APPICON_NAME = AppIcon;
				ASSETCATALOG_COMPILER_GLOBAL_ACCENT_COLOR_NAME = AccentColor;
				CODE_SIGN_STYLE = Automatic;
				CURRENT_PROJECT_VERSION = 1;
				DEVELOPMENT_TEAM = GL9MDKA2Z4;
				GENERATE_INFOPLIST_FILE = YES;
				INFOPLIST_FILE = "Shift schedule/Info.plist";
				INFOPLIST_KEY_CFBundleDisplayName = "Shift schedule";
				INFOPLIST_KEY_LSApplicationCategoryType = "public.app-category.lifestyle";
				INFOPLIST_KEY_UIApplicationSupportsIndirectInputEvents = YES;
				INFOPLIST_KEY_UILaunchStoryboardName = LaunchScreen;
				INFOPLIST_KEY_UISupportedInterfaceOrientations = UIInterfaceOrientationPortrait;
				IPHONEOS_DEPLOYMENT_TARGET = 12.4;
				LD_RUNPATH_SEARCH_PATHS = (
					"$(inherited)",
					"@executable_path/Frameworks",
				);
				MARKETING_VERSION = 1.0;
				PRODUCT_BUNDLE_IDENTIFIER = "SudHome.Shift-schedule";
				PRODUCT_NAME = "$(TARGET_NAME)";
				SUPPORTED_PLATFORMS = "iphoneos iphonesimulator";
				SUPPORTS_MACCATALYST = NO;
				SUPPORTS_MAC_DESIGNED_FOR_IPHONE_IPAD = NO;
				SWIFT_EMIT_LOC_STRINGS = YES;
				SWIFT_VERSION = 5.0;
				TARGETED_DEVICE_FAMILY = "1,2";
			};
			name = Debug;
		};
		4364296E296735C0005B299A /* Release */ = {
			isa = XCBuildConfiguration;
			buildSettings = {
				ASSETCATALOG_COMPILER_APPICON_NAME = AppIcon;
				ASSETCATALOG_COMPILER_GLOBAL_ACCENT_COLOR_NAME = AccentColor;
				CODE_SIGN_STYLE = Automatic;
				CURRENT_PROJECT_VERSION = 1;
				DEVELOPMENT_TEAM = GL9MDKA2Z4;
				GENERATE_INFOPLIST_FILE = YES;
				INFOPLIST_FILE = "Shift schedule/Info.plist";
				INFOPLIST_KEY_CFBundleDisplayName = "Shift schedule";
				INFOPLIST_KEY_LSApplicationCategoryType = "public.app-category.lifestyle";
				INFOPLIST_KEY_UIApplicationSupportsIndirectInputEvents = YES;
				INFOPLIST_KEY_UILaunchStoryboardName = LaunchScreen;
				INFOPLIST_KEY_UISupportedInterfaceOrientations = UIInterfaceOrientationPortrait;
				IPHONEOS_DEPLOYMENT_TARGET = 12.4;
				LD_RUNPATH_SEARCH_PATHS = (
					"$(inherited)",
					"@executable_path/Frameworks",
				);
				MARKETING_VERSION = 1.0;
				PRODUCT_BUNDLE_IDENTIFIER = "SudHome.Shift-schedule";
				PRODUCT_NAME = "$(TARGET_NAME)";
				SUPPORTED_PLATFORMS = "iphoneos iphonesimulator";
				SUPPORTS_MACCATALYST = NO;
				SUPPORTS_MAC_DESIGNED_FOR_IPHONE_IPAD = NO;
				SWIFT_EMIT_LOC_STRINGS = YES;
				SWIFT_VERSION = 5.0;
				TARGETED_DEVICE_FAMILY = "1,2";
			};
			name = Release;
		};
/* End XCBuildConfiguration section */

/* Begin XCConfigurationList section */
		43642953296735A8005B299A /* Build configuration list for PBXProject "Shift schedule" */ = {
			isa = XCConfigurationList;
			buildConfigurations = (
				4364296A296735C0005B299A /* Debug */,
				4364296B296735C0005B299A /* Release */,
			);
			defaultConfigurationIsVisible = 0;
			defaultConfigurationName = Release;
		};
		4364296C296735C0005B299A /* Build configuration list for PBXNativeTarget "Shift schedule" */ = {
			isa = XCConfigurationList;
			buildConfigurations = (
				4364296D296735C0005B299A /* Debug */,
				4364296E296735C0005B299A /* Release */,
			);
			defaultConfigurationIsVisible = 0;
			defaultConfigurationName = Release;
		};
/* End XCConfigurationList section */
	};
	rootObject = 43642950296735A8005B299A /* Project object */;
}
